
Microsoft Visual Studio Solution File, Format Version 12.00

Project("{FAE04EC0-301F-11D3-BF4B-00C04F79EFBC}") = "StorageIndexer", "StorageIndexer\StorageIndexer.csproj", "{17891CEC-C5C3-45E8-8DED-B07FB0B30BC2}"
EndProject
Project("{FAE04EC0-301F-11D3-BF4B-00C04F79EFBC}") = "BufferSynchronization", "BufferSynchronization\BufferSynchronization.csproj", "{93E8CF12-5419-467E-A5B8-F80A9866BD93}"
EndProject
Global
	GlobalSection(SolutionConfigurationPlatforms) = preSolution
		Debug|Any CPU = Debug|Any CPU
		Release|Any CPU = Release|Any CPU
	EndGlobalSection
	GlobalSection(ProjectConfigurationPlatforms) = postSolution
		{17891CEC-C5C3-45E8-8DED-B07FB0B30BC2}.Debug|Any CPU.ActiveCfg = Debug|Any CPU
		{17891CEC-C5C3-45E8-8DED-B07FB0B30BC2}.Debug|Any CPU.Build.0 = Debug|Any CPU
		{17891CEC-C5C3-45E8-8DED-B07FB0B30BC2}.Release|Any CPU.ActiveCfg = Release|Any CPU
		{17891CEC-C5C3-45E8-8DED-B07FB0B30BC2}.Release|Any CPU.Build.0 = Release|Any CPU
		{93E8CF12-5419-467E-A5B8-F80A9866BD93}.Debug|Any CPU.ActiveCfg = Debug|Any CPU
		{93E8CF12-5419-467E-A5B8-F80A9866BD93}.Debug|Any CPU.Build.0 = Debug|Any CPU
	EndGlobalSection
EndGlobal
